
Microsoft Visual Studio Solution File, Format Version 12.00
# Visual Studio Version 17
VisualStudioVersion = 17.6.33815.320
MinimumVisualStudioVersion = 10.0.40219.1
Project("{FAE04EC0-301F-11D3-BF4B-00C04F79EFBC}") = "Move2VoiceBeta", "Move2VoiceBeta\Move2VoiceBeta.csproj", "{BE6853D1-5917-4C17-89C5-93C5475C7380}"
EndProject
Global
	GlobalSection(SolutionConfigurationPlatforms) = preSolution
		Debug|Any CPU = Debug|Any CPU
		Release|Any CPU = Release|Any CPU
	EndGlobalSection
	GlobalSection(ProjectConfigurationPlatforms) = postSolution
		{BE6853D1-5917-4C17-89C5-93C5475C7380}.Debug|Any CPU.ActiveCfg = Debug|Any CPU
		{BE6853D1-5917-4C17-89C5-93C5475C7380}.Debug|Any CPU.Build.0 = Debug|Any CPU
		{BE6853D1-5917-4C17-89C5-93C5475C7380}.Release|Any CPU.ActiveCfg = Release|Any CPU
		{BE6853D1-5917-4C17-89C5-93C5475C7380}.Release|Any CPU.Build.0 = Release|Any CPU
	EndGlobalSection
	GlobalSection(SolutionProperties) = preSolution
		HideSolutionNode = FALSE
	EndGlobalSection
	GlobalSection(ExtensibilityGlobals) = postSolution
		SolutionGuid = {A1863990-5EBD-4457-BE7A-47B338E7F8B2}
	EndGlobalSection
EndGlobal
